
Microsoft Visual Studio Solution File, Format Version 12.00
# Visual Studio Version 16
VisualStudioVersion = 16.0.30114.105
MinimumVisualStudioVersion = 10.0.40219.1
Project("{2150E333-8FDC-42A3-9474-1A3956D46DE8}") = "src", "src", "{B1919DFD-ACE6-4C6A-8E2F-E6A797545E15}"
EndProject
Project("{FAE04EC0-301F-11D3-BF4B-00C04F79EFBC}") = "FunctionTestHost", "src\FunctionTestHost\FunctionTestHost.csproj", "{244469BA-DF14-44E0-99C7-1BBD092FD465}"
EndProject
Project("{2150E333-8FDC-42A3-9474-1A3956D46DE8}") = "test", "test", "{1C84AD8B-52B6-46B8-8500-DCDE1EAFFE12}"
EndProject
Project("{FAE04EC0-301F-11D3-BF4B-00C04F79EFBC}") = "FunctionAppOne", "test\FunctionAppOne\FunctionAppOne.csproj", "{CD446C54-06C7-4AA7-BB31-2971349B2D4D}"
EndProject
Project("{FAE04EC0-301F-11D3-BF4B-00C04F79EFBC}") = "FunctionTestProject", "test\FunctionTestProject\FunctionTestProject.csproj", "{828DE2E3-B682-49B3-872E-926E527D1757}"
EndProject
Project("{FAE04EC0-301F-11D3-BF4B-00C04F79EFBC}") = "FunctionAppTwo", "test\FunctionAppTwo\FunctionAppTwo.csproj", "{0F5D24F4-19FA-427A-8968-718A9A8BA186}"
EndProject
Global
	GlobalSection(SolutionConfigurationPlatforms) = preSolution
		Debug|Any CPU = Debug|Any CPU
		Debug|x64 = Debug|x64
		Debug|x86 = Debug|x86
		Release|Any CPU = Release|Any CPU
		Release|x64 = Release|x64
		Release|x86 = Release|x86
	EndGlobalSection
	GlobalSection(SolutionProperties) = preSolution
		HideSolutionNode = FALSE
	EndGlobalSection
	GlobalSection(ProjectConfigurationPlatforms) = postSolution
		{244469BA-DF14-44E0-99C7-1BBD092FD465}.Debug|Any CPU.ActiveCfg = Debug|Any CPU
		{244469BA-DF14-44E0-99C7-1BBD092FD465}.Debug|Any CPU.Build.0 = Debug|Any CPU
		{244469BA-DF14-44E0-99C7-1BBD092FD465}.Debug|x64.ActiveCfg = Debug|Any CPU
		{244469BA-DF14-44E0-99C7-1BBD092FD465}.Debug|x64.Build.0 = Debug|Any CPU
		{244469BA-DF14-44E0-99C7-1BBD092FD465}.Debug|x86.ActiveCfg = Debug|Any CPU
		{244469BA-DF14-44E0-99C7-1BBD092FD465}.Debug|x86.Build.0 = Debug|Any CPU
		{244469BA-DF14-44E0-99C7-1BBD092FD465}.Release|Any CPU.ActiveCfg = Release|Any CPU
		{244469BA-DF14-44E0-99C7-1BBD092FD465}.Release|Any CPU.Build.0 = Release|Any CPU
		{244469BA-DF14-44E0-99C7-1BBD092FD465}.Release|x64.ActiveCfg = Release|Any CPU
		{244469BA-DF14-44E0-99C7-1BBD092FD465}.Release|x64.Build.0 = Release|Any CPU
		{244469BA-DF14-44E0-99C7-1BBD092FD465}.Release|x86.ActiveCfg = Release|Any CPU
		{244469BA-DF14-44E0-99C7-1BBD092FD465}.Release|x86.Build.0 = Release|Any CPU
		{CD446C54-06C7-4AA7-BB31-2971349B2D4D}.Debug|Any CPU.ActiveCfg = Debug|Any CPU
		{CD446C54-06C7-4AA7-BB31-2971349B2D4D}.Debug|Any CPU.Build.0 = Debug|Any CPU
		{CD446C54-06C7-4AA7-BB31-2971349B2D4D}.Debug|x64.ActiveCfg = Debug|Any CPU
		{CD446C54-06C7-4AA7-BB31-2971349B2D4D}.Debug|x64.Build.0 = Debug|Any CPU
		{CD446C54-06C7-4AA7-BB31-2971349B2D4D}.Debug|x86.ActiveCfg = Debug|Any CPU
		{CD446C54-06C7-4AA7-BB31-2971349B2D4D}.Debug|x86.Build.0 = Debug|Any CPU
		{CD446C54-06C7-4AA7-BB31-2971349B2D4D}.Release|Any CPU.ActiveCfg = Release|Any CPU
		{CD446C54-06C7-4AA7-BB31-2971349B2D4D}.Release|Any CPU.Build.0 = Release|Any CPU
		{CD446C54-06C7-4AA7-BB31-2971349B2D4D}.Release|x64.ActiveCfg = Release|Any CPU
		{CD446C54-06C7-4AA7-BB31-2971349B2D4D}.Release|x64.Build.0 = Release|Any CPU
		{CD446C54-06C7-4AA7-BB31-2971349B2D4D}.Release|x86.ActiveCfg = Release|Any CPU
		{CD446C54-06C7-4AA7-BB31-2971349B2D4D}.Release|x86.Build.0 = Release|Any CPU
		{828DE2E3-B682-49B3-872E-926E527D1757}.Debug|Any CPU.ActiveCfg = Debug|Any CPU
		{828DE2E3-B682-49B3-872E-926E527D1757}.Debug|Any CPU.Build.0 = Debug|Any CPU
		{828DE2E3-B682-49B3-872E-926E527D1757}.Debug|x64.ActiveCfg = Debug|Any CPU
		{828DE2E3-B682-49B3-872E-926E527D1757}.Debug|x64.Build.0 = Debug|Any CPU
		{828DE2E3-B682-49B3-872E-926E527D1757}.Debug|x86.ActiveCfg = Debug|Any CPU
		{828DE2E3-B682-49B3-872E-926E527D1757}.Debug|x86.Build.0 = Debug|Any CPU
		{828DE2E3-B682-49B3-872E-926E527D1757}.Release|Any CPU.ActiveCfg = Release|Any CPU
		{828DE2E3-B682-49B3-872E-926E527D1757}.Release|Any CPU.Build.0 = Release|Any CPU
		{828DE2E3-B682-49B3-872E-926E527D1757}.Release|x64.ActiveCfg = Release|Any CPU
		{828DE2E3-B682-49B3-872E-926E527D1757}.Release|x64.Build.0 = Release|Any CPU
		{828DE2E3-B682-49B3-872E-926E527D1757}.Release|x86.ActiveCfg = Release|Any CPU
		{828DE2E3-B682-49B3-872E-926E527D1757}.Release|x86.Build.0 = Release|Any CPU
		{0F5D24F4-19FA-427A-8968-718A9A8BA186}.Debug|Any CPU.ActiveCfg = Debug|Any CPU
		{0F5D24F4-19FA-427A-8968-718A9A8BA186}.Debug|Any CPU.Build.0 = Debug|Any CPU
		{0F5D24F4-19FA-427A-8968-718A9A8BA186}.Debug|x64.ActiveCfg = Debug|Any CPU
		{0F5D24F4-19FA-427A-8968-718A9A8BA186}.Debug|x64.Build.0 = Debug|Any CPU
		{0F5D24F4-19FA-427A-8968-718A9A8BA186}.Debug|x86.ActiveCfg = Debug|Any CPU
		{0F5D24F4-19FA-427A-8968-718A9A8BA186}.Debug|x86.Build.0 = Debug|Any CPU
		{0F5D24F4-19FA-427A-8968-718A9A8BA186}.Release|Any CPU.ActiveCfg = Release|Any CPU
		{0F5D24F4-19FA-427A-8968-718A9A8BA186}.Release|Any CPU.Build.0 = Release|Any CPU
		{0F5D24F4-19FA-427A-8968-718A9A8BA186}.Release|x64.ActiveCfg = Release|Any CPU
		{0F5D24F4-19FA-427A-8968-718A9A8BA186}.Release|x64.Build.0 = Release|Any CPU
		{0F5D24F4-19FA-427A-8968-718A9A8BA186}.Release|x86.ActiveCfg = Release|Any CPU
		{0F5D24F4-19FA-427A-8968-718A9A8BA186}.Release|x86.Build.0 = Release|Any CPU
	EndGlobalSection
	GlobalSection(NestedProjects) = preSolution
		{244469BA-DF14-44E0-99C7-1BBD092FD465} = {B1919DFD-ACE6-4C6A-8E2F-E6A797545E15}
		{CD446C54-06C7-4AA7-BB31-2971349B2D4D} = {1C84AD8B-52B6-46B8-8500-DCDE1EAFFE12}
		{828DE2E3-B682-49B3-872E-926E527D1757} = {1C84AD8B-52B6-46B8-8500-DCDE1EAFFE12}
		{0F5D24F4-19FA-427A-8968-718A9A8BA186} = {1C84AD8B-52B6-46B8-8500-DCDE1EAFFE12}
	EndGlobalSection
EndGlobal
