
Microsoft Visual Studio Solution File, Format Version 12.00
# Visual Studio Version 16
VisualStudioVersion = 16.0.30114.105
MinimumVisualStudioVersion = 10.0.40219.1
Project("{2150E333-8FDC-42A3-9474-1A3956D46DE8}") = "src", "src", "{B1919DFD-ACE6-4C6A-8E2F-E6A797545E15}"
EndProject
Project("{FAE04EC0-301F-11D3-BF4B-00C04F79EFBC}") = "TestKit", "src\TestKit\TestKit.csproj", "{244469BA-DF14-44E0-99C7-1BBD092FD465}"
EndProject
Project("{2150E333-8FDC-42A3-9474-1A3956D46DE8}") = "test", "test", "{1C84AD8B-52B6-46B8-8500-DCDE1EAFFE12}"
EndProject
Project("{FAE04EC0-301F-11D3-BF4B-00C04F79EFBC}") = "SampleFunctionOne", "test\SampleFunctionOne\SampleFunctionOne.csproj", "{CD446C54-06C7-4AA7-BB31-2971349B2D4D}"
EndProject
Project("{FAE04EC0-301F-11D3-BF4B-00C04F79EFBC}") = "TestKit.Tests", "test\TestKit.Tests\TestKit.Tests.csproj", "{828DE2E3-B682-49B3-872E-926E527D1757}"
EndProject
Project("{FAE04EC0-301F-11D3-BF4B-00C04F79EFBC}") = "SampleFunctionTwo", "test\SampleFunctionTwo\SampleFunctionTwo.csproj", "{0F5D24F4-19FA-427A-8968-718A9A8BA186}"
EndProject
Project("{FAE04EC0-301F-11D3-BF4B-00C04F79EFBC}") = "TestKit.ServiceBus", "src\TestKit.ServiceBus\TestKit.ServiceBus.csproj", "{A6129B89-9A04-43CE-BE43-9B1606818AEE}"
EndProject
Project("{FAE04EC0-301F-11D3-BF4B-00C04F79EFBC}") = "TestKit.ServiceBus.Tests", "test\TestKit.ServiceBus.Tests\TestKit.ServiceBus.Tests.csproj", "{B152F5A7-7528-46A2-A397-9D0862A36496}"
EndProject
Project("{FAE04EC0-301F-11D3-BF4B-00C04F79EFBC}") = "_docs", "_docs\_docs.csproj", "{2B4289EF-A561-4FDD-9B48-33D73A0BDCD0}"
EndProject
Project("{FAE04EC0-301F-11D3-BF4B-00C04F79EFBC}") = "TestKit.MetadataEndpointTests", "test\TestKit.MetadataEndpointTests\TestKit.MetadataEndpointTests.csproj", "{647E02E8-05C6-4B48-B276-0BC32F077891}"
EndProject
Project("{FAE04EC0-301F-11D3-BF4B-00C04F79EFBC}") = "SampleFunctionMetadata", "test\SampleFunctionMetadata\SampleFunctionMetadata.csproj", "{E93C4D67-F047-45FF-B09E-F797284D0C33}"
EndProject
Global
	GlobalSection(SolutionConfigurationPlatforms) = preSolution
		Debug|Any CPU = Debug|Any CPU
		Debug|x64 = Debug|x64
		Debug|x86 = Debug|x86
		Release|Any CPU = Release|Any CPU
		Release|x64 = Release|x64
		Release|x86 = Release|x86
	EndGlobalSection
	GlobalSection(SolutionProperties) = preSolution
		HideSolutionNode = FALSE
	EndGlobalSection
	GlobalSection(ProjectConfigurationPlatforms) = postSolution
		{244469BA-DF14-44E0-99C7-1BBD092FD465}.Debug|Any CPU.ActiveCfg = Debug|Any CPU
		{244469BA-DF14-44E0-99C7-1BBD092FD465}.Debug|Any CPU.Build.0 = Debug|Any CPU
		{244469BA-DF14-44E0-99C7-1BBD092FD465}.Debug|x64.ActiveCfg = Debug|Any CPU
		{244469BA-DF14-44E0-99C7-1BBD092FD465}.Debug|x64.Build.0 = Debug|Any CPU
		{244469BA-DF14-44E0-99C7-1BBD092FD465}.Debug|x86.ActiveCfg = Debug|Any CPU
		{244469BA-DF14-44E0-99C7-1BBD092FD465}.Debug|x86.Build.0 = Debug|Any CPU
		{244469BA-DF14-44E0-99C7-1BBD092FD465}.Release|Any CPU.ActiveCfg = Release|Any CPU
		{244469BA-DF14-44E0-99C7-1BBD092FD465}.Release|Any CPU.Build.0 = Release|Any CPU
		{244469BA-DF14-44E0-99C7-1BBD092FD465}.Release|x64.ActiveCfg = Release|Any CPU
		{244469BA-DF14-44E0-99C7-1BBD092FD465}.Release|x64.Build.0 = Release|Any CPU
		{244469BA-DF14-44E0-99C7-1BBD092FD465}.Release|x86.ActiveCfg = Release|Any CPU
		{244469BA-DF14-44E0-99C7-1BBD092FD465}.Release|x86.Build.0 = Release|Any CPU
		{CD446C54-06C7-4AA7-BB31-2971349B2D4D}.Debug|Any CPU.ActiveCfg = Debug|Any CPU
		{CD446C54-06C7-4AA7-BB31-2971349B2D4D}.Debug|Any CPU.Build.0 = Debug|Any CPU
		{CD446C54-06C7-4AA7-BB31-2971349B2D4D}.Debug|x64.ActiveCfg = Debug|Any CPU
		{CD446C54-06C7-4AA7-BB31-2971349B2D4D}.Debug|x64.Build.0 = Debug|Any CPU
		{CD446C54-06C7-4AA7-BB31-2971349B2D4D}.Debug|x86.ActiveCfg = Debug|Any CPU
		{CD446C54-06C7-4AA7-BB31-2971349B2D4D}.Debug|x86.Build.0 = Debug|Any CPU
		{CD446C54-06C7-4AA7-BB31-2971349B2D4D}.Release|Any CPU.ActiveCfg = Release|Any CPU
		{CD446C54-06C7-4AA7-BB31-2971349B2D4D}.Release|Any CPU.Build.0 = Release|Any CPU
		{CD446C54-06C7-4AA7-BB31-2971349B2D4D}.Release|x64.ActiveCfg = Release|Any CPU
		{CD446C54-06C7-4AA7-BB31-2971349B2D4D}.Release|x64.Build.0 = Release|Any CPU
		{CD446C54-06C7-4AA7-BB31-2971349B2D4D}.Release|x86.ActiveCfg = Release|Any CPU
		{CD446C54-06C7-4AA7-BB31-2971349B2D4D}.Release|x86.Build.0 = Release|Any CPU
		{828DE2E3-B682-49B3-872E-926E527D1757}.Debug|Any CPU.ActiveCfg = Debug|Any CPU
		{828DE2E3-B682-49B3-872E-926E527D1757}.Debug|Any CPU.Build.0 = Debug|Any CPU
		{828DE2E3-B682-49B3-872E-926E527D1757}.Debug|x64.ActiveCfg = Debug|Any CPU
		{828DE2E3-B682-49B3-872E-926E527D1757}.Debug|x64.Build.0 = Debug|Any CPU
		{828DE2E3-B682-49B3-872E-926E527D1757}.Debug|x86.ActiveCfg = Debug|Any CPU
		{828DE2E3-B682-49B3-872E-926E527D1757}.Debug|x86.Build.0 = Debug|Any CPU
		{828DE2E3-B682-49B3-872E-926E527D1757}.Release|Any CPU.ActiveCfg = Release|Any CPU
		{828DE2E3-B682-49B3-872E-926E527D1757}.Release|Any CPU.Build.0 = Release|Any CPU
		{828DE2E3-B682-49B3-872E-926E527D1757}.Release|x64.ActiveCfg = Release|Any CPU
		{828DE2E3-B682-49B3-872E-926E527D1757}.Release|x64.Build.0 = Release|Any CPU
		{828DE2E3-B682-49B3-872E-926E527D1757}.Release|x86.ActiveCfg = Release|Any CPU
		{828DE2E3-B682-49B3-872E-926E527D1757}.Release|x86.Build.0 = Release|Any CPU
		{0F5D24F4-19FA-427A-8968-718A9A8BA186}.Debug|Any CPU.ActiveCfg = Debug|Any CPU
		{0F5D24F4-19FA-427A-8968-718A9A8BA186}.Debug|Any CPU.Build.0 = Debug|Any CPU
		{0F5D24F4-19FA-427A-8968-718A9A8BA186}.Debug|x64.ActiveCfg = Debug|Any CPU
		{0F5D24F4-19FA-427A-8968-718A9A8BA186}.Debug|x64.Build.0 = Debug|Any CPU
		{0F5D24F4-19FA-427A-8968-718A9A8BA186}.Debug|x86.ActiveCfg = Debug|Any CPU
		{0F5D24F4-19FA-427A-8968-718A9A8BA186}.Debug|x86.Build.0 = Debug|Any CPU
		{0F5D24F4-19FA-427A-8968-718A9A8BA186}.Release|Any CPU.ActiveCfg = Release|Any CPU
		{0F5D24F4-19FA-427A-8968-718A9A8BA186}.Release|Any CPU.Build.0 = Release|Any CPU
		{0F5D24F4-19FA-427A-8968-718A9A8BA186}.Release|x64.ActiveCfg = Release|Any CPU
		{0F5D24F4-19FA-427A-8968-718A9A8BA186}.Release|x64.Build.0 = Release|Any CPU
		{0F5D24F4-19FA-427A-8968-718A9A8BA186}.Release|x86.ActiveCfg = Release|Any CPU
		{0F5D24F4-19FA-427A-8968-718A9A8BA186}.Release|x86.Build.0 = Release|Any CPU
		{A6129B89-9A04-43CE-BE43-9B1606818AEE}.Debug|Any CPU.ActiveCfg = Debug|Any CPU
		{A6129B89-9A04-43CE-BE43-9B1606818AEE}.Debug|Any CPU.Build.0 = Debug|Any CPU
		{A6129B89-9A04-43CE-BE43-9B1606818AEE}.Debug|x64.ActiveCfg = Debug|Any CPU
		{A6129B89-9A04-43CE-BE43-9B1606818AEE}.Debug|x64.Build.0 = Debug|Any CPU
		{A6129B89-9A04-43CE-BE43-9B1606818AEE}.Debug|x86.ActiveCfg = Debug|Any CPU
		{A6129B89-9A04-43CE-BE43-9B1606818AEE}.Debug|x86.Build.0 = Debug|Any CPU
		{A6129B89-9A04-43CE-BE43-9B1606818AEE}.Release|Any CPU.ActiveCfg = Release|Any CPU
		{A6129B89-9A04-43CE-BE43-9B1606818AEE}.Release|Any CPU.Build.0 = Release|Any CPU
		{A6129B89-9A04-43CE-BE43-9B1606818AEE}.Release|x64.ActiveCfg = Release|Any CPU
		{A6129B89-9A04-43CE-BE43-9B1606818AEE}.Release|x64.Build.0 = Release|Any CPU
		{A6129B89-9A04-43CE-BE43-9B1606818AEE}.Release|x86.ActiveCfg = Release|Any CPU
		{A6129B89-9A04-43CE-BE43-9B1606818AEE}.Release|x86.Build.0 = Release|Any CPU
		{B152F5A7-7528-46A2-A397-9D0862A36496}.Debug|Any CPU.ActiveCfg = Debug|Any CPU
		{B152F5A7-7528-46A2-A397-9D0862A36496}.Debug|Any CPU.Build.0 = Debug|Any CPU
		{B152F5A7-7528-46A2-A397-9D0862A36496}.Debug|x64.ActiveCfg = Debug|Any CPU
		{B152F5A7-7528-46A2-A397-9D0862A36496}.Debug|x64.Build.0 = Debug|Any CPU
		{B152F5A7-7528-46A2-A397-9D0862A36496}.Debug|x86.ActiveCfg = Debug|Any CPU
		{B152F5A7-7528-46A2-A397-9D0862A36496}.Debug|x86.Build.0 = Debug|Any CPU
		{B152F5A7-7528-46A2-A397-9D0862A36496}.Release|Any CPU.ActiveCfg = Release|Any CPU
		{B152F5A7-7528-46A2-A397-9D0862A36496}.Release|Any CPU.Build.0 = Release|Any CPU
		{B152F5A7-7528-46A2-A397-9D0862A36496}.Release|x64.ActiveCfg = Release|Any CPU
		{B152F5A7-7528-46A2-A397-9D0862A36496}.Release|x64.Build.0 = Release|Any CPU
		{B152F5A7-7528-46A2-A397-9D0862A36496}.Release|x86.ActiveCfg = Release|Any CPU
		{B152F5A7-7528-46A2-A397-9D0862A36496}.Release|x86.Build.0 = Release|Any CPU
		{2B4289EF-A561-4FDD-9B48-33D73A0BDCD0}.Debug|Any CPU.ActiveCfg = Debug|Any CPU
		{2B4289EF-A561-4FDD-9B48-33D73A0BDCD0}.Debug|Any CPU.Build.0 = Debug|Any CPU
		{2B4289EF-A561-4FDD-9B48-33D73A0BDCD0}.Debug|x64.ActiveCfg = Debug|Any CPU
		{2B4289EF-A561-4FDD-9B48-33D73A0BDCD0}.Debug|x64.Build.0 = Debug|Any CPU
		{2B4289EF-A561-4FDD-9B48-33D73A0BDCD0}.Debug|x86.ActiveCfg = Debug|Any CPU
		{2B4289EF-A561-4FDD-9B48-33D73A0BDCD0}.Debug|x86.Build.0 = Debug|Any CPU
		{2B4289EF-A561-4FDD-9B48-33D73A0BDCD0}.Release|Any CPU.ActiveCfg = Release|Any CPU
		{2B4289EF-A561-4FDD-9B48-33D73A0BDCD0}.Release|Any CPU.Build.0 = Release|Any CPU
		{2B4289EF-A561-4FDD-9B48-33D73A0BDCD0}.Release|x64.ActiveCfg = Release|Any CPU
		{2B4289EF-A561-4FDD-9B48-33D73A0BDCD0}.Release|x64.Build.0 = Release|Any CPU
		{2B4289EF-A561-4FDD-9B48-33D73A0BDCD0}.Release|x86.ActiveCfg = Release|Any CPU
		{2B4289EF-A561-4FDD-9B48-33D73A0BDCD0}.Release|x86.Build.0 = Release|Any CPU
		{647E02E8-05C6-4B48-B276-0BC32F077891}.Debug|Any CPU.ActiveCfg = Debug|Any CPU
		{647E02E8-05C6-4B48-B276-0BC32F077891}.Debug|Any CPU.Build.0 = Debug|Any CPU
		{647E02E8-05C6-4B48-B276-0BC32F077891}.Debug|x64.ActiveCfg = Debug|Any CPU
		{647E02E8-05C6-4B48-B276-0BC32F077891}.Debug|x64.Build.0 = Debug|Any CPU
		{647E02E8-05C6-4B48-B276-0BC32F077891}.Debug|x86.ActiveCfg = Debug|Any CPU
		{647E02E8-05C6-4B48-B276-0BC32F077891}.Debug|x86.Build.0 = Debug|Any CPU
		{647E02E8-05C6-4B48-B276-0BC32F077891}.Release|Any CPU.ActiveCfg = Release|Any CPU
		{647E02E8-05C6-4B48-B276-0BC32F077891}.Release|Any CPU.Build.0 = Release|Any CPU
		{647E02E8-05C6-4B48-B276-0BC32F077891}.Release|x64.ActiveCfg = Release|Any CPU
		{647E02E8-05C6-4B48-B276-0BC32F077891}.Release|x64.Build.0 = Release|Any CPU
		{647E02E8-05C6-4B48-B276-0BC32F077891}.Release|x86.ActiveCfg = Release|Any CPU
		{647E02E8-05C6-4B48-B276-0BC32F077891}.Release|x86.Build.0 = Release|Any CPU
		{E93C4D67-F047-45FF-B09E-F797284D0C33}.Debug|Any CPU.ActiveCfg = Debug|Any CPU
		{E93C4D67-F047-45FF-B09E-F797284D0C33}.Debug|Any CPU.Build.0 = Debug|Any CPU
		{E93C4D67-F047-45FF-B09E-F797284D0C33}.Debug|x64.ActiveCfg = Debug|Any CPU
		{E93C4D67-F047-45FF-B09E-F797284D0C33}.Debug|x64.Build.0 = Debug|Any CPU
		{E93C4D67-F047-45FF-B09E-F797284D0C33}.Debug|x86.ActiveCfg = Debug|Any CPU
		{E93C4D67-F047-45FF-B09E-F797284D0C33}.Debug|x86.Build.0 = Debug|Any CPU
		{E93C4D67-F047-45FF-B09E-F797284D0C33}.Release|Any CPU.ActiveCfg = Release|Any CPU
		{E93C4D67-F047-45FF-B09E-F797284D0C33}.Release|Any CPU.Build.0 = Release|Any CPU
		{E93C4D67-F047-45FF-B09E-F797284D0C33}.Release|x64.ActiveCfg = Release|Any CPU
		{E93C4D67-F047-45FF-B09E-F797284D0C33}.Release|x64.Build.0 = Release|Any CPU
		{E93C4D67-F047-45FF-B09E-F797284D0C33}.Release|x86.ActiveCfg = Release|Any CPU
		{E93C4D67-F047-45FF-B09E-F797284D0C33}.Release|x86.Build.0 = Release|Any CPU
	EndGlobalSection
	GlobalSection(NestedProjects) = preSolution
		{244469BA-DF14-44E0-99C7-1BBD092FD465} = {B1919DFD-ACE6-4C6A-8E2F-E6A797545E15}
		{CD446C54-06C7-4AA7-BB31-2971349B2D4D} = {1C84AD8B-52B6-46B8-8500-DCDE1EAFFE12}
		{828DE2E3-B682-49B3-872E-926E527D1757} = {1C84AD8B-52B6-46B8-8500-DCDE1EAFFE12}
		{0F5D24F4-19FA-427A-8968-718A9A8BA186} = {1C84AD8B-52B6-46B8-8500-DCDE1EAFFE12}
		{A6129B89-9A04-43CE-BE43-9B1606818AEE} = {B1919DFD-ACE6-4C6A-8E2F-E6A797545E15}
		{B152F5A7-7528-46A2-A397-9D0862A36496} = {1C84AD8B-52B6-46B8-8500-DCDE1EAFFE12}
		{647E02E8-05C6-4B48-B276-0BC32F077891} = {1C84AD8B-52B6-46B8-8500-DCDE1EAFFE12}
		{E93C4D67-F047-45FF-B09E-F797284D0C33} = {1C84AD8B-52B6-46B8-8500-DCDE1EAFFE12}
	EndGlobalSection
EndGlobal
